{
  "requires": true,
  "lockfileVersion": 1,
  "dependencies": {
    "andare": {
      "version": "1.1.587",
      "resolved": "https://registry.npmjs.org/andare/-/andare-1.1.587.tgz",
      "integrity": "sha512-hxdZpMLtrHkaVuFJA8w8NfIttjsrOD9O7JQfEh7HAOo3mOFSGmvBS+5uDENm6rUpdnUeSJv5631MHB8e68CogA=="
    }
  }
}
